
Microsoft Visual Studio Solution File, Format Version 12.00
# Visual Studio Version 16
VisualStudioVersion = 16.0.29613.14
MinimumVisualStudioVersion = 10.0.40219.1
Project("{9A19103F-16F7-4668-BE54-9A1E7A4F7556}") = "ServerlessWithSerilog", "ServerlessWithSerilog.csproj", "{7215DBCD-FD36-4E32-9A3F-FC0CE91EF77F}"
EndProject
Global
	GlobalSection(SolutionConfigurationPlatforms) = preSolution
		Debug|Any CPU = Debug|Any CPU
		Release|Any CPU = Release|Any CPU
	EndGlobalSection
	GlobalSection(ProjectConfigurationPlatforms) = postSolution
		{7215DBCD-FD36-4E32-9A3F-FC0CE91EF77F}.Debug|Any CPU.ActiveCfg = Debug|Any CPU
		{7215DBCD-FD36-4E32-9A3F-FC0CE91EF77F}.Debug|Any CPU.Build.0 = Debug|Any CPU
		{7215DBCD-FD36-4E32-9A3F-FC0CE91EF77F}.Release|Any CPU.ActiveCfg = Release|Any CPU
		{7215DBCD-FD36-4E32-9A3F-FC0CE91EF77F}.Release|Any CPU.Build.0 = Release|Any CPU
	EndGlobalSection
	GlobalSection(SolutionProperties) = preSolution
		HideSolutionNode = FALSE
	EndGlobalSection
	GlobalSection(ExtensibilityGlobals) = postSolution
		SolutionGuid = {EA1B9905-0DF5-40C7-B5B4-EAE5A6AF8ADF}
	EndGlobalSection
EndGlobal
